
Microsoft Visual Studio Solution File, Format Version 12.00
# Visual Studio 2015
Project("{FAE04EC0-301F-11D3-BF4B-00C04F79EFBC}") = "Action-Adventure Project", "Action-Adventure Project.csproj", "{F6277F5E-10EC-6221-B4E5-421B6598DBF7}"
EndProject
Global
	GlobalSection(SolutionConfigurationPlatforms) = preSolution
		Debug|Any CPU = Debug|Any CPU
		Release|Any CPU = Release|Any CPU
	EndGlobalSection
	GlobalSection(ProjectConfigurationPlatforms) = postSolution
		{F6277F5E-10EC-6221-B4E5-421B6598DBF7}.Debug|Any CPU.ActiveCfg = Debug|Any CPU
		{F6277F5E-10EC-6221-B4E5-421B6598DBF7}.Debug|Any CPU.Build.0 = Debug|Any CPU
		{F6277F5E-10EC-6221-B4E5-421B6598DBF7}.Release|Any CPU.ActiveCfg = Release|Any CPU
		{F6277F5E-10EC-6221-B4E5-421B6598DBF7}.Release|Any CPU.Build.0 = Release|Any CPU
	EndGlobalSection
	GlobalSection(SolutionProperties) = preSolution
		HideSolutionNode = FALSE
	EndGlobalSection
EndGlobal
